// !$*UTF8*$!
{
	archiveVersion = 1;
	classes = {
	};
	objectVersion = 56;
	objects = {

/* Begin PBXBuildFile section */
		5DD4C22E2A61C6A400942A03 /* RealityKitContent in Frameworks */ = {isa = PBXBuildFile; productRef = 5DD4C22D2A61C6A400942A03 /* RealityKitContent */; };
		5DD4C2302A61C6A400942A03 /* first_test_demoApp.swift in Sources */ = {isa = PBXBuildFile; fileRef = 5DD4C22F2A61C6A400942A03 /* first_test_demoApp.swift */; };
		5DD4C2322A61C6A400942A03 /* ContentView.swift in Sources */ = {isa = PBXBuildFile; fileRef = 5DD4C2312A61C6A400942A03 /* ContentView.swift */; };
		5DD4C2342A61C6A700942A03 /* Assets.xcassets in Resources */ = {isa = PBXBuildFile; fileRef = 5DD4C2332A61C6A700942A03 /* Assets.xcassets */; };
		5DD4C2372A61C6A700942A03 /* Preview Assets.xcassets in Resources */ = {isa = PBXBuildFile; fileRef = 5DD4C2362A61C6A700942A03 /* Preview Assets.xcassets */; };
		5DD4C2412A61C6A700942A03 /* first_test_demoTests.swift in Sources */ = {isa = PBXBuildFile; fileRef = 5DD4C2402A61C6A700942A03 /* first_test_demoTests.swift */; };
/* End PBXBuildFile section */

/* Begin PBXContainerItemProxy section */
		5DD4C23D2A61C6A700942A03 /* PBXContainerItemProxy */ = {
			isa = PBXContainerItemProxy;
			containerPortal = 5DD4C2202A61C6A400942A03 /* Project object */;
			proxyType = 1;
			remoteGlobalIDString = 5DD4C2272A61C6A400942A03;
			remoteInfo = first_test_demo;
		};
/* End PBXContainerItemProxy section */

/* Begin PBXFileReference section */
		5DD4C2282A61C6A400942A03 /* first_test_demo.app */ = {isa = PBXFileReference; explicitFileType = wrapper.application; includeInIndex = 0; path = first_test_demo.app; sourceTree = BUILT_PRODUCTS_DIR; };
		5DD4C22C2A61C6A400942A03 /* RealityKitContent */ = {isa = PBXFileReference; lastKnownFileType = wrapper; path = RealityKitContent; sourceTree = "<group>"; };
		5DD4C22F2A61C6A400942A03 /* first_test_demoApp.swift */ = {isa = PBXFileReference; lastKnownFileType = sourcecode.swift; path = first_test_demoApp.swift; sourceTree = "<group>"; };
		5DD4C2312A61C6A400942A03 /* ContentView.swift */ = {isa = PBXFileReference; lastKnownFileType = sourcecode.swift; path = ContentView.swift; sourceTree = "<group>"; };
		5DD4C2332A61C6A700942A03 /* Assets.xcassets */ = {isa = PBXFileReference; lastKnownFileType = folder.assetcatalog; path = Assets.xcassets; sourceTree = "<group>"; };
		5DD4C2362A61C6A700942A03 /* Preview Assets.xcassets */ = {isa = PBXFileReference; lastKnownFileType = folder.assetcatalog; path = "Preview Assets.xcassets"; sourceTree = "<group>"; };
		5DD4C23C2A61C6A700942A03 /* first_test_demoTests.xctest */ = {isa = PBXFileReference; explicitFileType = wrapper.cfbundle; includeInIndex = 0; path = first_test_demoTests.xctest; sourceTree = BUILT_PRODUCTS_DIR; };
		5DD4C2402A61C6A700942A03 /* first_test_demoTests.swift */ = {isa = PBXFileReference; lastKnownFileType = sourcecode.swift; path = first_test_demoTests.swift; sourceTree = "<group>"; };
/* End PBXFileReference section */

/* Begin PBXFrameworksBuildPhase section */
		5DD4C2252A61C6A400942A03 /* Frameworks */ = {
			isa = PBXFrameworksBuildPhase;
			buildActionMask = 2147483647;
			files = (
				5DD4C22E2A61C6A400942A03 /* RealityKitContent in Frameworks */,
			);
			runOnlyForDeploymentPostprocessing = 0;
		};
		5DD4C2392A61C6A700942A03 /* Frameworks */ = {
			isa = PBXFrameworksBuildPhase;
			buildActionMask = 2147483647;
			files = (
			);
			runOnlyForDeploymentPostprocessing = 0;
		};
/* End PBXFrameworksBuildPhase section */

/* Begin PBXGroup section */
		5DD4C21F2A61C6A400942A03 = {
			isa = PBXGroup;
			children = (
				5DD4C22A2A61C6A400942A03 /* first_test_demo */,
				5DD4C22B2A61C6A400942A03 /* Packages */,
				5DD4C23F2A61C6A700942A03 /* first_test_demoTests */,
				5DD4C2292A61C6A400942A03 /* Products */,
			);
			sourceTree = "<group>";
		};
		5DD4C2292A61C6A400942A03 /* Products */ = {
			isa = PBXGroup;
			children = (
				5DD4C2282A61C6A400942A03 /* first_test_demo.app */,
				5DD4C23C2A61C6A700942A03 /* first_test_demoTests.xctest */,
			);
			name = Products;
			sourceTree = "<group>";
		};
		5DD4C22A2A61C6A400942A03 /* first_test_demo */ = {
			isa = PBXGroup;
			children = (
				5DD4C22F2A61C6A400942A03 /* first_test_demoApp.swift */,
				5DD4C2312A61C6A400942A03 /* ContentView.swift */,
				5DD4C2332A61C6A700942A03 /* Assets.xcassets */,
				5DD4C2352A61C6A700942A03 /* Preview Content */,
			);
			path = first_test_demo;
			sourceTree = "<group>";
		};
		5DD4C22B2A61C6A400942A03 /* Packages */ = {
			isa = PBXGroup;
			children = (
				5DD4C22C2A61C6A400942A03 /* RealityKitContent */,
			);
			path = Packages;
			sourceTree = "<group>";
		};
		5DD4C2352A61C6A700942A03 /* Preview Content */ = {
			isa = PBXGroup;
			children = (
				5DD4C2362A61C6A700942A03 /* Preview Assets.xcassets */,
			);
			path = "Preview Content";
			sourceTree = "<group>";
		};
		5DD4C23F2A61C6A700942A03 /* first_test_demoTests */ = {
			isa = PBXGroup;
			children = (
				5DD4C2402A61C6A700942A03 /* first_test_demoTests.swift */,
			);
			path = first_test_demoTests;
			sourceTree = "<group>";
		};
/* End PBXGroup section */

/* Begin PBXNativeTarget section */
		5DD4C2272A61C6A400942A03 /* first_test_demo */ = {
			isa = PBXNativeTarget;
			buildConfigurationList = 5DD4C2442A61C6A700942A03 /* Build configuration list for PBXNativeTarget "first_test_demo" */;
			buildPhases = (
				5DD4C2242A61C6A400942A03 /* Sources */,
				5DD4C2252A61C6A400942A03 /* Frameworks */,
				5DD4C2262A61C6A400942A03 /* Resources */,
			);
			buildRules = (
			);
			dependencies = (
			);
			name = first_test_demo;
			packageProductDependencies = (
				5DD4C22D2A61C6A400942A03 /* RealityKitContent */,
			);
			productName = first_test_demo;
			productReference = 5DD4C2282A61C6A400942A03 /* first_test_demo.app */;
			productType = "com.apple.product-type.application";
		};
		5DD4C23B2A61C6A700942A03 /* first_test_demoTests */ = {
			isa = PBXNativeTarget;
			buildConfigurationList = 5DD4C2472A61C6A700942A03 /* Build configuration list for PBXNativeTarget "first_test_demoTests" */;
			buildPhases = (
				5DD4C2382A61C6A700942A03 /* Sources */,
				5DD4C2392A61C6A700942A03 /* Frameworks */,
				5DD4C23A2A61C6A700942A03 /* Resources */,
			);
			buildRules = (
			);
			dependencies = (
				5DD4C23E2A61C6A700942A03 /* PBXTargetDependency */,
			);
			name = first_test_demoTests;
			productName = first_test_demoTests;
			productReference = 5DD4C23C2A61C6A700942A03 /* first_test_demoTests.xctest */;
			productType = "com.apple.product-type.bundle.unit-test";
		};
/* End PBXNativeTarget section */

/* Begin PBXProject section */
		5DD4C2202A61C6A400942A03 /* Project object */ = {
			isa = PBXProject;
			attributes = {
				BuildIndependentTargetsInParallel = 1;
				LastSwiftUpdateCheck = 1500;
				LastUpgradeCheck = 1500;
				TargetAttributes = {
					5DD4C2272A61C6A400942A03 = {
						CreatedOnToolsVersion = 15.0;
					};
					5DD4C23B2A61C6A700942A03 = {
						CreatedOnToolsVersion = 15.0;
						TestTargetID = 5DD4C2272A61C6A400942A03;
					};
				};
			};
			buildConfigurationList = 5DD4C2232A61C6A400942A03 /* Build configuration list for PBXProject "first_test_demo" */;
			compatibilityVersion = "Xcode 14.0";
			developmentRegion = en;
			hasScannedForEncodings = 0;
			knownRegions = (
				en,
				Base,
			);
			mainGroup = 5DD4C21F2A61C6A400942A03;
			productRefGroup = 5DD4C2292A61C6A400942A03 /* Products */;
			projectDirPath = "";
			projectRoot = "";
			targets = (
				5DD4C2272A61C6A400942A03 /* first_test_demo */,
				5DD4C23B2A61C6A700942A03 /* first_test_demoTests */,
			);
		};
/* End PBXProject section */

/* Begin PBXResourcesBuildPhase section */
		5DD4C2262A61C6A400942A03 /* Resources */ = {
			isa = PBXResourcesBuildPhase;
			buildActionMask = 2147483647;
			files = (
				5DD4C2372A61C6A700942A03 /* Preview Assets.xcassets in Resources */,
				5DD4C2342A61C6A700942A03 /* Assets.xcassets in Resources */,
			);
			runOnlyForDeploymentPostprocessing = 0;
		};
		5DD4C23A2A61C6A700942A03 /* Resources */ = {
			isa = PBXResourcesBuildPhase;
			buildActionMask = 2147483647;
			files = (
			);
			runOnlyForDeploymentPostprocessing = 0;
		};
/* End PBXResourcesBuildPhase section */

/* Begin PBXSourcesBuildPhase section */
		5DD4C2242A61C6A400942A03 /* Sources */ = {
			isa = PBXSourcesBuildPhase;
			buildActionMask = 2147483647;
			files = (
				5DD4C2322A61C6A400942A03 /* ContentView.swift in Sources */,
				5DD4C2302A61C6A400942A03 /* first_test_demoApp.swift in Sources */,
			);
			runOnlyForDeploymentPostprocessing = 0;
		};
		5DD4C2382A61C6A700942A03 /* Sources */ = {
			isa = PBXSourcesBuildPhase;
			buildActionMask = 2147483647;
			files = (
				5DD4C2412A61C6A700942A03 /* first_test_demoTests.swift in Sources */,
			);
			runOnlyForDeploymentPostprocessing = 0;
		};
/* End PBXSourcesBuildPhase section */

/* Begin PBXTargetDependency section */
		5DD4C23E2A61C6A700942A03 /* PBXTargetDependency */ = {
			isa = PBXTargetDependency;
			target = 5DD4C2272A61C6A400942A03 /* first_test_demo */;
			targetProxy = 5DD4C23D2A61C6A700942A03 /* PBXContainerItemProxy */;
		};
/* End PBXTargetDependency section */

/* Begin XCBuildConfiguration section */
		5DD4C2422A61C6A700942A03 /* Debug */ = {
			isa = XCBuildConfiguration;
			buildSettings = {
				ALWAYS_SEARCH_USER_PATHS = NO;
				ASSETCATALOG_COMPILER_GENERATE_SWIFT_ASSET_SYMBOL_EXTENSIONS = YES;
				CLANG_ANALYZER_NONNULL = YES;
				CLANG_ANALYZER_NUMBER_OBJECT_CONVERSION = YES_AGGRESSIVE;
				CLANG_CXX_LANGUAGE_STANDARD = "gnu++20";
				CLANG_ENABLE_MODULES = YES;
				CLANG_ENABLE_OBJC_ARC = YES;
				CLANG_ENABLE_OBJC_WEAK = YES;
				CLANG_WARN_BLOCK_CAPTURE_AUTORELEASING = YES;
				CLANG_WARN_BOOL_CONVERSION = YES;
				CLANG_WARN_COMMA = YES;
				CLANG_WARN_CONSTANT_CONVERSION = YES;
				CLANG_WARN_DEPRECATED_OBJC_IMPLEMENTATIONS = YES;
				CLANG_WARN_DIRECT_OBJC_ISA_USAGE = YES_ERROR;
				CLANG_WARN_DOCUMENTATION_COMMENTS = YES;
				CLANG_WARN_EMPTY_BODY = YES;
				CLANG_WARN_ENUM_CONVERSION = YES;
				CLANG_WARN_INFINITE_RECURSION = YES;
				CLANG_WARN_INT_CONVERSION = YES;
				CLANG_WARN_NON_LITERAL_NULL_CONVERSION = YES;
				CLANG_WARN_OBJC_IMPLICIT_RETAIN_SELF = YES;
				CLANG_WARN_OBJC_LITERAL_CONVERSION = YES;
				CLANG_WARN_OBJC_ROOT_CLASS = YES_ERROR;
				CLANG_WARN_QUOTED_INCLUDE_IN_FRAMEWORK_HEADER = YES;
				CLANG_WARN_RANGE_LOOP_ANALYSIS = YES;
				CLANG_WARN_STRICT_PROTOTYPES = YES;
				CLANG_WARN_SUSPICIOUS_MOVE = YES;
				CLANG_WARN_UNGUARDED_AVAILABILITY = YES_AGGRESSIVE;
				CLANG_WARN_UNREACHABLE_CODE = YES;
				CLANG_WARN__DUPLICATE_METHOD_MATCH = YES;
				COPY_PHASE_STRIP = NO;
				DEBUG_INFORMATION_FORMAT = dwarf;
				ENABLE_STRICT_OBJC_MSGSEND = YES;
				ENABLE_TESTABILITY = YES;
				ENABLE_USER_SCRIPT_SANDBOXING = YES;
				GCC_C_LANGUAGE_STANDARD = gnu17;
				GCC_DYNAMIC_NO_PIC = NO;
				GCC_NO_COMMON_BLOCKS = YES;
				GCC_OPTIMIZATION_LEVEL = 0;
				GCC_PREPROCESSOR_DEFINITIONS = (
					"DEBUG=1",
					"$(inherited)",
				);
				GCC_WARN_64_TO_32_BIT_CONVERSION = YES;
				GCC_WARN_ABOUT_RETURN_TYPE = YES_ERROR;
				GCC_WARN_UNDECLARED_SELECTOR = YES;
				GCC_WARN_UNINITIALIZED_AUTOS = YES_AGGRESSIVE;
				GCC_WARN_UNUSED_FUNCTION = YES;
				GCC_WARN_UNUSED_VARIABLE = YES;
				LOCALIZATION_PREFERS_STRING_CATALOGS = YES;
				MTL_ENABLE_DEBUG_INFO = INCLUDE_SOURCE;
				MTL_FAST_MATH = YES;
				ONLY_ACTIVE_ARCH = YES;
				SDKROOT = xros;
				SWIFT_ACTIVE_COMPILATION_CONDITIONS = "DEBUG $(inherited)";
				SWIFT_OPTIMIZATION_LEVEL = "-Onone";
				XROS_DEPLOYMENT_TARGET = 1.0;
			};
			name = Debug;
		};
		5DD4C2432A61C6A700942A03 /* Release */ = {
			isa = XCBuildConfiguration;
			buildSettings = {
				ALWAYS_SEARCH_USER_PATHS = NO;
				ASSETCATALOG_COMPILER_GENERATE_SWIFT_ASSET_SYMBOL_EXTENSIONS = YES;
				CLANG_ANALYZER_NONNULL = YES;
				CLANG_ANALYZER_NUMBER_OBJECT_CONVERSION = YES_AGGRESSIVE;
				CLANG_CXX_LANGUAGE_STANDARD = "gnu++20";
				CLANG_ENABLE_MODULES = YES;
				CLANG_ENABLE_OBJC_ARC = YES;
				CLANG_ENABLE_OBJC_WEAK = YES;
				CLANG_WARN_BLOCK_CAPTURE_AUTORELEASING = YES;
				CLANG_WARN_BOOL_CONVERSION = YES;
				CLANG_WARN_COMMA = YES;
				CLANG_WARN_CONSTANT_CONVERSION = YES;
				CLANG_WARN_DEPRECATED_OBJC_IMPLEMENTATIONS = YES;
				CLANG_WARN_DIRECT_OBJC_ISA_USAGE = YES_ERROR;
				CLANG_WARN_DOCUMENTATION_COMMENTS = YES;
				CLANG_WARN_EMPTY_BODY = YES;
				CLANG_WARN_ENUM_CONVERSION = YES;
				CLANG_WARN_INFINITE_RECURSION = YES;
				CLANG_WARN_INT_CONVERSION = YES;
				CLANG_WARN_NON_LITERAL_NULL_CONVERSION = YES;
				CLANG_WARN_OBJC_IMPLICIT_RETAIN_SELF = YES;
				CLANG_WARN_OBJC_LITERAL_CONVERSION = YES;
				CLANG_WARN_OBJC_ROOT_CLASS = YES_ERROR;
				CLANG_WARN_QUOTED_INCLUDE_IN_FRAMEWORK_HEADER = YES;
				CLANG_WARN_RANGE_LOOP_ANALYSIS = YES;
				CLANG_WARN_STRICT_PROTOTYPES = YES;
				CLANG_WARN_SUSPICIOUS_MOVE = YES;
				CLANG_WARN_UNGUARDED_AVAILABILITY = YES_AGGRESSIVE;
				CLANG_WARN_UNREACHABLE_CODE = YES;
				CLANG_WARN__DUPLICATE_METHOD_MATCH = YES;
				COPY_PHASE_STRIP = NO;
				DEBUG_INFORMATION_FORMAT = "dwarf-with-dsym";
				ENABLE_NS_ASSERTIONS = NO;
				ENABLE_STRICT_OBJC_MSGSEND = YES;
				ENABLE_USER_SCRIPT_SANDBOXING = YES;
				GCC_C_LANGUAGE_STANDARD = gnu17;
				GCC_NO_COMMON_BLOCKS = YES;
				GCC_WARN_64_TO_32_BIT_CONVERSION = YES;
				GCC_WARN_ABOUT_RETURN_TYPE = YES_ERROR;
				GCC_WARN_UNDECLARED_SELECTOR = YES;
				GCC_WARN_UNINITIALIZED_AUTOS = YES_AGGRESSIVE;
				GCC_WARN_UNUSED_FUNCTION = YES;
				GCC_WARN_UNUSED_VARIABLE = YES;
				LOCALIZATION_PREFERS_STRING_CATALOGS = YES;
				MTL_ENABLE_DEBUG_INFO = NO;
				MTL_FAST_MATH = YES;
				SDKROOT = xros;
				SWIFT_COMPILATION_MODE = wholemodule;
				VALIDATE_PRODUCT = YES;
				XROS_DEPLOYMENT_TARGET = 1.0;
			};
			name = Release;
		};
		5DD4C2452A61C6A700942A03 /* Debug */ = {
			isa = XCBuildConfiguration;
			buildSettings = {
				ASSETCATALOG_COMPILER_APPICON_NAME = AppIcon;
				ASSETCATALOG_COMPILER_GLOBAL_ACCENT_COLOR_NAME = AccentColor;
				CODE_SIGN_STYLE = Automatic;
				CURRENT_PROJECT_VERSION = 1;
				DEVELOPMENT_ASSET_PATHS = "\"first_test_demo/Preview Content\"";
				ENABLE_PREVIEWS = YES;
				GENERATE_INFOPLIST_FILE = YES;
				INFOPLIST_KEY_UIApplicationSceneManifest_Generation = YES;
				LD_RUNPATH_SEARCH_PATHS = (
					"$(inherited)",
					"@executable_path/Frameworks",
				);
				MARKETING_VERSION = 1.0;
				PRODUCT_BUNDLE_IDENTIFIER = "this-is-test.first-test-demo";
				PRODUCT_NAME = "$(TARGET_NAME)";
				SUPPORTED_PLATFORMS = "xros xrsimulator";
				SWIFT_EMIT_LOC_STRINGS = YES;
				SWIFT_VERSION = 5.0;
				TARGETED_DEVICE_FAMILY = "1,2,7";
			};
			name = Debug;
		};
		5DD4C2462A61C6A700942A03 /* Release */ = {
			isa = XCBuildConfiguration;
			buildSettings = {
				ASSETCATALOG_COMPILER_APPICON_NAME = AppIcon;
				ASSETCATALOG_COMPILER_GLOBAL_ACCENT_COLOR_NAME = AccentColor;
				CODE_SIGN_STYLE = Automatic;
				CURRENT_PROJECT_VERSION = 1;
				DEVELOPMENT_ASSET_PATHS = "\"first_test_demo/Preview Content\"";
				ENABLE_PREVIEWS = YES;
				GENERATE_INFOPLIST_FILE = YES;
				INFOPLIST_KEY_UIApplicationSceneManifest_Generation = YES;
				LD_RUNPATH_SEARCH_PATHS = (
					"$(inherited)",
					"@executable_path/Frameworks",
				);
				MARKETING_VERSION = 1.0;
				PRODUCT_BUNDLE_IDENTIFIER = "this-is-test.first-test-demo";
				PRODUCT_NAME = "$(TARGET_NAME)";
				SUPPORTED_PLATFORMS = "xros xrsimulator";
				SWIFT_EMIT_LOC_STRINGS = YES;
				SWIFT_VERSION = 5.0;
				TARGETED_DEVICE_FAMILY = "1,2,7";
			};
			name = Release;
		};
		5DD4C2482A61C6A700942A03 /* Debug */ = {
			isa = XCBuildConfiguration;
			buildSettings = {
				ALWAYS_EMBED_SWIFT_STANDARD_LIBRARIES = YES;
				BUNDLE_LOADER = "$(TEST_HOST)";
				CODE_SIGN_STYLE = Automatic;
				CURRENT_PROJECT_VERSION = 1;
				GENERATE_INFOPLIST_FILE = YES;
				MARKETING_VERSION = 1.0;
				PRODUCT_BUNDLE_IDENTIFIER = "this-is-test.first-test-demoTests";
				PRODUCT_NAME = "$(TARGET_NAME)";
				SUPPORTED_PLATFORMS = "xros xrsimulator";
				SWIFT_EMIT_LOC_STRINGS = NO;
				SWIFT_VERSION = 5.0;
				TARGETED_DEVICE_FAMILY = "1,2,7";
				TEST_HOST = "$(BUILT_PRODUCTS_DIR)/first_test_demo.app/$(BUNDLE_EXECUTABLE_FOLDER_PATH)/first_test_demo";
				XROS_DEPLOYMENT_TARGET = 1.0;
			};
			name = Debug;
		};
		5DD4C2492A61C6A700942A03 /* Release */ = {
			isa = XCBuildConfiguration;
			buildSettings = {
				ALWAYS_EMBED_SWIFT_STANDARD_LIBRARIES = YES;
				BUNDLE_LOADER = "$(TEST_HOST)";
				CODE_SIGN_STYLE = Automatic;
				CURRENT_PROJECT_VERSION = 1;
				GENERATE_INFOPLIST_FILE = YES;
				MARKETING_VERSION = 1.0;
				PRODUCT_BUNDLE_IDENTIFIER = "this-is-test.first-test-demoTests";
				PRODUCT_NAME = "$(TARGET_NAME)";
				SUPPORTED_PLATFORMS = "xros xrsimulator";
				SWIFT_EMIT_LOC_STRINGS = NO;
				SWIFT_VERSION = 5.0;
				TARGETED_DEVICE_FAMILY = "1,2,7";
				TEST_HOST = "$(BUILT_PRODUCTS_DIR)/first_test_demo.app/$(BUNDLE_EXECUTABLE_FOLDER_PATH)/first_test_demo";
				XROS_DEPLOYMENT_TARGET = 1.0;
			};
			name = Release;
		};
/* End XCBuildConfiguration section */

/* Begin XCConfigurationList section */
		5DD4C2232A61C6A400942A03 /* Build configuration list for PBXProject "first_test_demo" */ = {
			isa = XCConfigurationList;
			buildConfigurations = (
				5DD4C2422A61C6A700942A03 /* Debug */,
				5DD4C2432A61C6A700942A03 /* Release */,
			);
			defaultConfigurationIsVisible = 0;
			defaultConfigurationName = Release;
		};
		5DD4C2442A61C6A700942A03 /* Build configuration list for PBXNativeTarget "first_test_demo" */ = {
			isa = XCConfigurationList;
			buildConfigurations = (
				5DD4C2452A61C6A700942A03 /* Debug */,
				5DD4C2462A61C6A700942A03 /* Release */,
			);
			defaultConfigurationIsVisible = 0;
			defaultConfigurationName = Release;
		};
		5DD4C2472A61C6A700942A03 /* Build configuration list for PBXNativeTarget "first_test_demoTests" */ = {
			isa = XCConfigurationList;
			buildConfigurations = (
				5DD4C2482A61C6A700942A03 /* Debug */,
				5DD4C2492A61C6A700942A03 /* Release */,
			);
			defaultConfigurationIsVisible = 0;
			defaultConfigurationName = Release;
		};
/* End XCConfigurationList section */

/* Begin XCSwiftPackageProductDependency section */
		5DD4C22D2A61C6A400942A03 /* RealityKitContent */ = {
			isa = XCSwiftPackageProductDependency;
			productName = RealityKitContent;
		};
/* End XCSwiftPackageProductDependency section */
	};
	rootObject = 5DD4C2202A61C6A400942A03 /* Project object */;
}
